// !$*UTF8*$!
{
	archiveVersion = 1;
	classes = {
	};
	objectVersion = 50;
	objects = {

/* Begin PBXBuildFile section */
		7E21AFB2248A7561000B2447 /* AppDelegate.swift in Sources */ = {isa = PBXBuildFile; fileRef = 7E21AFB1248A7561000B2447 /* AppDelegate.swift */; };
		7E21AFB4248A7561000B2447 /* SceneDelegate.swift in Sources */ = {isa = PBXBuildFile; fileRef = 7E21AFB3248A7561000B2447 /* SceneDelegate.swift */; };
		7E21AFB6248A7561000B2447 /* ViewController.swift in Sources */ = {isa = PBXBuildFile; fileRef = 7E21AFB5248A7561000B2447 /* ViewController.swift */; };
		7E21AFB9248A7561000B2447 /* Main.storyboard in Resources */ = {isa = PBXBuildFile; fileRef = 7E21AFB7248A7561000B2447 /* Main.storyboard */; };
		7E21AFBB248A7563000B2447 /* Assets.xcassets in Resources */ = {isa = PBXBuildFile; fileRef = 7E21AFBA248A7563000B2447 /* Assets.xcassets */; };
		7E21AFBE248A7563000B2447 /* LaunchScreen.storyboard in Resources */ = {isa = PBXBuildFile; fileRef = 7E21AFBC248A7563000B2447 /* LaunchScreen.storyboard */; };
		7E21AFC9248A7563000B2447 /* HelloWorldTests.swift in Sources */ = {isa = PBXBuildFile; fileRef = 7E21AFC8248A7563000B2447 /* HelloWorldTests.swift */; };
		7E21AFD4248A7563000B2447 /* HelloWorldUITests.swift in Sources */ = {isa = PBXBuildFile; fileRef = 7E21AFD3248A7563000B2447 /* HelloWorldUITests.swift */; };
/* End PBXBuildFile section */

/* Begin PBXContainerItemProxy section */
		7E21AFC5248A7563000B2447 /* PBXContainerItemProxy */ = {
			isa = PBXContainerItemProxy;
			containerPortal = 7E21AFA6248A7561000B2447 /* Project object */;
			proxyType = 1;
			remoteGlobalIDString = 7E21AFAD248A7561000B2447;
			remoteInfo = HelloWorld;
		};
		7E21AFD0248A7563000B2447 /* PBXContainerItemProxy */ = {
			isa = PBXContainerItemProxy;
			containerPortal = 7E21AFA6248A7561000B2447 /* Project object */;
			proxyType = 1;
			remoteGlobalIDString = 7E21AFAD248A7561000B2447;
			remoteInfo = HelloWorld;
		};
/* End PBXContainerItemProxy section */

/* Begin PBXFileReference section */
		7E21AFAE248A7561000B2447 /* HelloWorld.app */ = {isa = PBXFileReference; explicitFileType = wrapper.application; includeInIndex = 0; path = HelloWorld.app; sourceTree = BUILT_PRODUCTS_DIR; };
		7E21AFB1248A7561000B2447 /* AppDelegate.swift */ = {isa = PBXFileReference; lastKnownFileType = sourcecode.swift; path = AppDelegate.swift; sourceTree = "<group>"; };
		7E21AFB3248A7561000B2447 /* SceneDelegate.swift */ = {isa = PBXFileReference; lastKnownFileType = sourcecode.swift; path = SceneDelegate.swift; sourceTree = "<group>"; };
		7E21AFB5248A7561000B2447 /* ViewController.swift */ = {isa = PBXFileReference; lastKnownFileType = sourcecode.swift; path = ViewController.swift; sourceTree = "<group>"; };
		7E21AFB8248A7561000B2447 /* Base */ = {isa = PBXFileReference; lastKnownFileType = file.storyboard; name = Base; path = Base.lproj/Main.storyboard; sourceTree = "<group>"; };
		7E21AFBA248A7563000B2447 /* Assets.xcassets */ = {isa = PBXFileReference; lastKnownFileType = folder.assetcatalog; path = Assets.xcassets; sourceTree = "<group>"; };
		7E21AFBD248A7563000B2447 /* Base */ = {isa = PBXFileReference; lastKnownFileType = file.storyboard; name = Base; path = Base.lproj/LaunchScreen.storyboard; sourceTree = "<group>"; };
		7E21AFBF248A7563000B2447 /* Info.plist */ = {isa = PBXFileReference; lastKnownFileType = text.plist.xml; path = Info.plist; sourceTree = "<group>"; };
		7E21AFC4248A7563000B2447 /* HelloWorldTests.xctest */ = {isa = PBXFileReference; explicitFileType = wrapper.cfbundle; includeInIndex = 0; path = HelloWorldTests.xctest; sourceTree = BUILT_PRODUCTS_DIR; };
		7E21AFC8248A7563000B2447 /* HelloWorldTests.swift */ = {isa = PBXFileReference; lastKnownFileType = sourcecode.swift; path = HelloWorldTests.swift; sourceTree = "<group>"; };
		7E21AFCA248A7563000B2447 /* Info.plist */ = {isa = PBXFileReference; lastKnownFileType = text.plist.xml; path = Info.plist; sourceTree = "<group>"; };
		7E21AFCF248A7563000B2447 /* HelloWorldUITests.xctest */ = {isa = PBXFileReference; explicitFileType = wrapper.cfbundle; includeInIndex = 0; path = HelloWorldUITests.xctest; sourceTree = BUILT_PRODUCTS_DIR; };
		7E21AFD3248A7563000B2447 /* HelloWorldUITests.swift */ = {isa = PBXFileReference; lastKnownFileType = sourcecode.swift; path = HelloWorldUITests.swift; sourceTree = "<group>"; };
		7E21AFD5248A7563000B2447 /* Info.plist */ = {isa = PBXFileReference; lastKnownFileType = text.plist.xml; path = Info.plist; sourceTree = "<group>"; };
/* End PBXFileReference section */

/* Begin PBXFrameworksBuildPhase section */
		7E21AFAB248A7561000B2447 /* Frameworks */ = {
			isa = PBXFrameworksBuildPhase;
			buildActionMask = 2147483647;
			files = (
			);
			runOnlyForDeploymentPostprocessing = 0;
		};
		7E21AFC1248A7563000B2447 /* Frameworks */ = {
			isa = PBXFrameworksBuildPhase;
			buildActionMask = 2147483647;
			files = (
			);
			runOnlyForDeploymentPostprocessing = 0;
		};
		7E21AFCC248A7563000B2447 /* Frameworks */ = {
			isa = PBXFrameworksBuildPhase;
			buildActionMask = 2147483647;
			files = (
			);
			runOnlyForDeploymentPostprocessing = 0;
		};
/* End PBXFrameworksBuildPhase section */

/* Begin PBXGroup section */
		7E21AFA5248A7561000B2447 = {
			isa = PBXGroup;
			children = (
				7E21AFB0248A7561000B2447 /* HelloWorld */,
				7E21AFC7248A7563000B2447 /* HelloWorldTests */,
				7E21AFD2248A7563000B2447 /* HelloWorldUITests */,
				7E21AFAF248A7561000B2447 /* Products */,
			);
			sourceTree = "<group>";
		};
		7E21AFAF248A7561000B2447 /* Products */ = {
			isa = PBXGroup;
			children = (
				7E21AFAE248A7561000B2447 /* HelloWorld.app */,
				7E21AFC4248A7563000B2447 /* HelloWorldTests.xctest */,
				7E21AFCF248A7563000B2447 /* HelloWorldUITests.xctest */,
			);
			name = Products;
			sourceTree = "<group>";
		};
		7E21AFB0248A7561000B2447 /* HelloWorld */ = {
			isa = PBXGroup;
			children = (
				7E21AFB1248A7561000B2447 /* AppDelegate.swift */,
				7E21AFB3248A7561000B2447 /* SceneDelegate.swift */,
				7E21AFB5248A7561000B2447 /* ViewController.swift */,
				7E21AFB7248A7561000B2447 /* Main.storyboard */,
				7E21AFBA248A7563000B2447 /* Assets.xcassets */,
				7E21AFBC248A7563000B2447 /* LaunchScreen.storyboard */,
				7E21AFBF248A7563000B2447 /* Info.plist */,
			);
			path = HelloWorld;
			sourceTree = "<group>";
		};
		7E21AFC7248A7563000B2447 /* HelloWorldTests */ = {
			isa = PBXGroup;
			children = (
				7E21AFC8248A7563000B2447 /* HelloWorldTests.swift */,
				7E21AFCA248A7563000B2447 /* Info.plist */,
			);
			path = HelloWorldTests;
			sourceTree = "<group>";
		};
		7E21AFD2248A7563000B2447 /* HelloWorldUITests */ = {
			isa = PBXGroup;
			children = (
				7E21AFD3248A7563000B2447 /* HelloWorldUITests.swift */,
				7E21AFD5248A7563000B2447 /* Info.plist */,
			);
			path = HelloWorldUITests;
			sourceTree = "<group>";
		};
/* End PBXGroup section */

/* Begin PBXNativeTarget section */
		7E21AFAD248A7561000B2447 /* HelloWorld */ = {
			isa = PBXNativeTarget;
			buildConfigurationList = 7E21AFD8248A7563000B2447 /* Build configuration list for PBXNativeTarget "HelloWorld" */;
			buildPhases = (
				7E21AFAA248A7561000B2447 /* Sources */,
				7E21AFAB248A7561000B2447 /* Frameworks */,
				7E21AFAC248A7561000B2447 /* Resources */,
			);
			buildRules = (
			);
			dependencies = (
			);
			name = HelloWorld;
			productName = HelloWorld;
			productReference = 7E21AFAE248A7561000B2447 /* HelloWorld.app */;
			productType = "com.apple.product-type.application";
		};
		7E21AFC3248A7563000B2447 /* HelloWorldTests */ = {
			isa = PBXNativeTarget;
			buildConfigurationList = 7E21AFDB248A7563000B2447 /* Build configuration list for PBXNativeTarget "HelloWorldTests" */;
			buildPhases = (
				7E21AFC0248A7563000B2447 /* Sources */,
				7E21AFC1248A7563000B2447 /* Frameworks */,
				7E21AFC2248A7563000B2447 /* Resources */,
			);
			buildRules = (
			);
			dependencies = (
				7E21AFC6248A7563000B2447 /* PBXTargetDependency */,
			);
			name = HelloWorldTests;
			productName = HelloWorldTests;
			productReference = 7E21AFC4248A7563000B2447 /* HelloWorldTests.xctest */;
			productType = "com.apple.product-type.bundle.unit-test";
		};
		7E21AFCE248A7563000B2447 /* HelloWorldUITests */ = {
			isa = PBXNativeTarget;
			buildConfigurationList = 7E21AFDE248A7563000B2447 /* Build configuration list for PBXNativeTarget "HelloWorldUITests" */;
			buildPhases = (
				7E21AFCB248A7563000B2447 /* Sources */,
				7E21AFCC248A7563000B2447 /* Frameworks */,
				7E21AFCD248A7563000B2447 /* Resources */,
			);
			buildRules = (
			);
			dependencies = (
				7E21AFD1248A7563000B2447 /* PBXTargetDependency */,
			);
			name = HelloWorldUITests;
			productName = HelloWorldUITests;
			productReference = 7E21AFCF248A7563000B2447 /* HelloWorldUITests.xctest */;
			productType = "com.apple.product-type.bundle.ui-testing";
		};
/* End PBXNativeTarget section */

/* Begin PBXProject section */
		7E21AFA6248A7561000B2447 /* Project object */ = {
			isa = PBXProject;
			attributes = {
				LastSwiftUpdateCheck = 1150;
				LastUpgradeCheck = 1150;
				ORGANIZATIONNAME = "Bruno Silva";
				TargetAttributes = {
					7E21AFAD248A7561000B2447 = {
						CreatedOnToolsVersion = 11.5;
					};
					7E21AFC3248A7563000B2447 = {
						CreatedOnToolsVersion = 11.5;
						TestTargetID = 7E21AFAD248A7561000B2447;
					};
					7E21AFCE248A7563000B2447 = {
						CreatedOnToolsVersion = 11.5;
						TestTargetID = 7E21AFAD248A7561000B2447;
					};
				};
			};
			buildConfigurationList = 7E21AFA9248A7561000B2447 /* Build configuration list for PBXProject "HelloWorld" */;
			compatibilityVersion = "Xcode 9.3";
			developmentRegion = en;
			hasScannedForEncodings = 0;
			knownRegions = (
				en,
				Base,
			);
			mainGroup = 7E21AFA5248A7561000B2447;
			productRefGroup = 7E21AFAF248A7561000B2447 /* Products */;
			projectDirPath = "";
			projectRoot = "";
			targets = (
				7E21AFAD248A7561000B2447 /* HelloWorld */,
				7E21AFC3248A7563000B2447 /* HelloWorldTests */,
				7E21AFCE248A7563000B2447 /* HelloWorldUITests */,
			);
		};
/* End PBXProject section */

/* Begin PBXResourcesBuildPhase section */
		7E21AFAC248A7561000B2447 /* Resources */ = {
			isa = PBXResourcesBuildPhase;
			buildActionMask = 2147483647;
			files = (
				7E21AFBE248A7563000B2447 /* LaunchScreen.storyboard in Resources */,
				7E21AFBB248A7563000B2447 /* Assets.xcassets in Resources */,
				7E21AFB9248A7561000B2447 /* Main.storyboard in Resources */,
			);
			runOnlyForDeploymentPostprocessing = 0;
		};
		7E21AFC2248A7563000B2447 /* Resources */ = {
			isa = PBXResourcesBuildPhase;
			buildActionMask = 2147483647;
			files = (
			);
			runOnlyForDeploymentPostprocessing = 0;
		};
		7E21AFCD248A7563000B2447 /* Resources */ = {
			isa = PBXResourcesBuildPhase;
			buildActionMask = 2147483647;
			files = (
			);
			runOnlyForDeploymentPostprocessing = 0;
		};
/* End PBXResourcesBuildPhase section */

/* Begin PBXSourcesBuildPhase section */
		7E21AFAA248A7561000B2447 /* Sources */ = {
			isa = PBXSourcesBuildPhase;
			buildActionMask = 2147483647;
			files = (
				7E21AFB6248A7561000B2447 /* ViewController.swift in Sources */,
				7E21AFB2248A7561000B2447 /* AppDelegate.swift in Sources */,
				7E21AFB4248A7561000B2447 /* SceneDelegate.swift in Sources */,
			);
			runOnlyForDeploymentPostprocessing = 0;
		};
		7E21AFC0248A7563000B2447 /* Sources */ = {
			isa = PBXSourcesBuildPhase;
			buildActionMask = 2147483647;
			files = (
				7E21AFC9248A7563000B2447 /* HelloWorldTests.swift in Sources */,
			);
			runOnlyForDeploymentPostprocessing = 0;
		};
		7E21AFCB248A7563000B2447 /* Sources */ = {
			isa = PBXSourcesBuildPhase;
			buildActionMask = 2147483647;
			files = (
				7E21AFD4248A7563000B2447 /* HelloWorldUITests.swift in Sources */,
			);
			runOnlyForDeploymentPostprocessing = 0;
		};
/* End PBXSourcesBuildPhase section */

/* Begin PBXTargetDependency section */
		7E21AFC6248A7563000B2447 /* PBXTargetDependency */ = {
			isa = PBXTargetDependency;
			target = 7E21AFAD248A7561000B2447 /* HelloWorld */;
			targetProxy = 7E21AFC5248A7563000B2447 /* PBXContainerItemProxy */;
		};
		7E21AFD1248A7563000B2447 /* PBXTargetDependency */ = {
			isa = PBXTargetDependency;
			target = 7E21AFAD248A7561000B2447 /* HelloWorld */;
			targetProxy = 7E21AFD0248A7563000B2447 /* PBXContainerItemProxy */;
		};
/* End PBXTargetDependency section */

/* Begin PBXVariantGroup section */
		7E21AFB7248A7561000B2447 /* Main.storyboard */ = {
			isa = PBXVariantGroup;
			children = (
				7E21AFB8248A7561000B2447 /* Base */,
			);
			name = Main.storyboard;
			sourceTree = "<group>";
		};
		7E21AFBC248A7563000B2447 /* LaunchScreen.storyboard */ = {
			isa = PBXVariantGroup;
			children = (
				7E21AFBD248A7563000B2447 /* Base */,
			);
			name = LaunchScreen.storyboard;
			sourceTree = "<group>";
		};
/* End PBXVariantGroup section */

/* Begin XCBuildConfiguration section */
		7E21AFD6248A7563000B2447 /* Debug */ = {
			isa = XCBuildConfiguration;
			buildSettings = {
				ALWAYS_SEARCH_USER_PATHS = NO;
				CLANG_ANALYZER_NONNULL = YES;
				CLANG_ANALYZER_NUMBER_OBJECT_CONVERSION = YES_AGGRESSIVE;
				CLANG_CXX_LANGUAGE_STANDARD = "gnu++14";
				CLANG_CXX_LIBRARY = "libc++";
				CLANG_ENABLE_MODULES = YES;
				CLANG_ENABLE_OBJC_ARC = YES;
				CLANG_ENABLE_OBJC_WEAK = YES;
				CLANG_WARN_BLOCK_CAPTURE_AUTORELEASING = YES;
				CLANG_WARN_BOOL_CONVERSION = YES;
				CLANG_WARN_COMMA = YES;
				CLANG_WARN_CONSTANT_CONVERSION = YES;
				CLANG_WARN_DEPRECATED_OBJC_IMPLEMENTATIONS = YES;
				CLANG_WARN_DIRECT_OBJC_ISA_USAGE = YES_ERROR;
				CLANG_WARN_DOCUMENTATION_COMMENTS = YES;
				CLANG_WARN_EMPTY_BODY = YES;
				CLANG_WARN_ENUM_CONVERSION = YES;
				CLANG_WARN_INFINITE_RECURSION = YES;
				CLANG_WARN_INT_CONVERSION = YES;
				CLANG_WARN_NON_LITERAL_NULL_CONVERSION = YES;
				CLANG_WARN_OBJC_IMPLICIT_RETAIN_SELF = YES;
				CLANG_WARN_OBJC_LITERAL_CONVERSION = YES;
				CLANG_WARN_OBJC_ROOT_CLASS = YES_ERROR;
				CLANG_WARN_RANGE_LOOP_ANALYSIS = YES;
				CLANG_WARN_STRICT_PROTOTYPES = YES;
				CLANG_WARN_SUSPICIOUS_MOVE = YES;
				CLANG_WARN_UNGUARDED_AVAILABILITY = YES_AGGRESSIVE;
				CLANG_WARN_UNREACHABLE_CODE = YES;
				CLANG_WARN__DUPLICATE_METHOD_MATCH = YES;
				COPY_PHASE_STRIP = NO;
				DEBUG_INFORMATION_FORMAT = dwarf;
				ENABLE_STRICT_OBJC_MSGSEND = YES;
				ENABLE_TESTABILITY = YES;
				GCC_C_LANGUAGE_STANDARD = gnu11;
				GCC_DYNAMIC_NO_PIC = NO;
				GCC_NO_COMMON_BLOCKS = YES;
				GCC_OPTIMIZATION_LEVEL = 0;
				GCC_PREPROCESSOR_DEFINITIONS = (
					"DEBUG=1",
					"$(inherited)",
				);
				GCC_WARN_64_TO_32_BIT_CONVERSION = YES;
				GCC_WARN_ABOUT_RETURN_TYPE = YES_ERROR;
				GCC_WARN_UNDECLARED_SELECTOR = YES;
				GCC_WARN_UNINITIALIZED_AUTOS = YES_AGGRESSIVE;
				GCC_WARN_UNUSED_FUNCTION = YES;
				GCC_WARN_UNUSED_VARIABLE = YES;
				IPHONEOS_DEPLOYMENT_TARGET = 13.5;
				MTL_ENABLE_DEBUG_INFO = INCLUDE_SOURCE;
				MTL_FAST_MATH = YES;
				ONLY_ACTIVE_ARCH = YES;
				SDKROOT = iphoneos;
				SWIFT_ACTIVE_COMPILATION_CONDITIONS = DEBUG;
				SWIFT_OPTIMIZATION_LEVEL = "-Onone";
			};
			name = Debug;
		};
		7E21AFD7248A7563000B2447 /* Release */ = {
			isa = XCBuildConfiguration;
			buildSettings = {
				ALWAYS_SEARCH_USER_PATHS = NO;
				CLANG_ANALYZER_NONNULL = YES;
				CLANG_ANALYZER_NUMBER_OBJECT_CONVERSION = YES_AGGRESSIVE;
				CLANG_CXX_LANGUAGE_STANDARD = "gnu++14";
				CLANG_CXX_LIBRARY = "libc++";
				CLANG_ENABLE_MODULES = YES;
				CLANG_ENABLE_OBJC_ARC = YES;
				CLANG_ENABLE_OBJC_WEAK = YES;
				CLANG_WARN_BLOCK_CAPTURE_AUTORELEASING = YES;
				CLANG_WARN_BOOL_CONVERSION = YES;
				CLANG_WARN_COMMA = YES;
				CLANG_WARN_CONSTANT_CONVERSION = YES;
				CLANG_WARN_DEPRECATED_OBJC_IMPLEMENTATIONS = YES;
				CLANG_WARN_DIRECT_OBJC_ISA_USAGE = YES_ERROR;
				CLANG_WARN_DOCUMENTATION_COMMENTS = YES;
				CLANG_WARN_EMPTY_BODY = YES;
				CLANG_WARN_ENUM_CONVERSION = YES;
				CLANG_WARN_INFINITE_RECURSION = YES;
				CLANG_WARN_INT_CONVERSION = YES;
				CLANG_WARN_NON_LITERAL_NULL_CONVERSION = YES;
				CLANG_WARN_OBJC_IMPLICIT_RETAIN_SELF = YES;
				CLANG_WARN_OBJC_LITERAL_CONVERSION = YES;
				CLANG_WARN_OBJC_ROOT_CLASS = YES_ERROR;
				CLANG_WARN_RANGE_LOOP_ANALYSIS = YES;
				CLANG_WARN_STRICT_PROTOTYPES = YES;
				CLANG_WARN_SUSPICIOUS_MOVE = YES;
				CLANG_WARN_UNGUARDED_AVAILABILITY = YES_AGGRESSIVE;
				CLANG_WARN_UNREACHABLE_CODE = YES;
				CLANG_WARN__DUPLICATE_METHOD_MATCH = YES;
				COPY_PHASE_STRIP = NO;
				DEBUG_INFORMATION_FORMAT = "dwarf-with-dsym";
				ENABLE_NS_ASSERTIONS = NO;
				ENABLE_STRICT_OBJC_MSGSEND = YES;
				GCC_C_LANGUAGE_STANDARD = gnu11;
				GCC_NO_COMMON_BLOCKS = YES;
				GCC_WARN_64_TO_32_BIT_CONVERSION = YES;
				GCC_WARN_ABOUT_RETURN_TYPE = YES_ERROR;
				GCC_WARN_UNDECLARED_SELECTOR = YES;
				GCC_WARN_UNINITIALIZED_AUTOS = YES_AGGRESSIVE;
				GCC_WARN_UNUSED_FUNCTION = YES;
				GCC_WARN_UNUSED_VARIABLE = YES;
				IPHONEOS_DEPLOYMENT_TARGET = 13.5;
				MTL_ENABLE_DEBUG_INFO = NO;
				MTL_FAST_MATH = YES;
				SDKROOT = iphoneos;
				SWIFT_COMPILATION_MODE = wholemodule;
				SWIFT_OPTIMIZATION_LEVEL = "-O";
				VALIDATE_PRODUCT = YES;
			};
			name = Release;
		};
		7E21AFD9248A7563000B2447 /* Debug */ = {
			isa = XCBuildConfiguration;
			buildSettings = {
				ASSETCATALOG_COMPILER_APPICON_NAME = AppIcon;
				CODE_SIGN_STYLE = Automatic;
				INFOPLIST_FILE = HelloWorld/Info.plist;
				LD_RUNPATH_SEARCH_PATHS = (
					"$(inherited)",
					"@executable_path/Frameworks",
				);
				PRODUCT_BUNDLE_IDENTIFIER = com.Brunoprojects.HelloWorld;
				PRODUCT_NAME = "$(TARGET_NAME)";
				SWIFT_VERSION = 5.0;
				TARGETED_DEVICE_FAMILY = "1,2";
			};
			name = Debug;
		};
		7E21AFDA248A7563000B2447 /* Release */ = {
			isa = XCBuildConfiguration;
			buildSettings = {
				ASSETCATALOG_COMPILER_APPICON_NAME = AppIcon;
				CODE_SIGN_STYLE = Automatic;
				INFOPLIST_FILE = HelloWorld/Info.plist;
				LD_RUNPATH_SEARCH_PATHS = (
					"$(inherited)",
					"@executable_path/Frameworks",
				);
				PRODUCT_BUNDLE_IDENTIFIER = com.Brunoprojects.HelloWorld;
				PRODUCT_NAME = "$(TARGET_NAME)";
				SWIFT_VERSION = 5.0;
				TARGETED_DEVICE_FAMILY = "1,2";
			};
			name = Release;
		};
		7E21AFDC248A7563000B2447 /* Debug */ = {
			isa = XCBuildConfiguration;
			buildSettings = {
				ALWAYS_EMBED_SWIFT_STANDARD_LIBRARIES = YES;
				BUNDLE_LOADER = "$(TEST_HOST)";
				CODE_SIGN_STYLE = Automatic;
				INFOPLIST_FILE = HelloWorldTests/Info.plist;
				IPHONEOS_DEPLOYMENT_TARGET = 13.5;
				LD_RUNPATH_SEARCH_PATHS = (
					"$(inherited)",
					"@executable_path/Frameworks",
					"@loader_path/Frameworks",
				);
				PRODUCT_BUNDLE_IDENTIFIER = com.Brunoprojects.HelloWorldTests;
				PRODUCT_NAME = "$(TARGET_NAME)";
				SWIFT_VERSION = 5.0;
				TARGETED_DEVICE_FAMILY = "1,2";
				TEST_HOST = "$(BUILT_PRODUCTS_DIR)/HelloWorld.app/HelloWorld";
			};
			name = Debug;
		};
		7E21AFDD248A7563000B2447 /* Release */ = {
			isa = XCBuildConfiguration;
			buildSettings = {
				ALWAYS_EMBED_SWIFT_STANDARD_LIBRARIES = YES;
				BUNDLE_LOADER = "$(TEST_HOST)";
				CODE_SIGN_STYLE = Automatic;
				INFOPLIST_FILE = HelloWorldTests/Info.plist;
				IPHONEOS_DEPLOYMENT_TARGET = 13.5;
				LD_RUNPATH_SEARCH_PATHS = (
					"$(inherited)",
					"@executable_path/Frameworks",
					"@loader_path/Frameworks",
				);
				PRODUCT_BUNDLE_IDENTIFIER = com.Brunoprojects.HelloWorldTests;
				PRODUCT_NAME = "$(TARGET_NAME)";
				SWIFT_VERSION = 5.0;
				TARGETED_DEVICE_FAMILY = "1,2";
				TEST_HOST = "$(BUILT_PRODUCTS_DIR)/HelloWorld.app/HelloWorld";
			};
			name = Release;
		};
		7E21AFDF248A7563000B2447 /* Debug */ = {
			isa = XCBuildConfiguration;
			buildSettings = {
				ALWAYS_EMBED_SWIFT_STANDARD_LIBRARIES = YES;
				CODE_SIGN_STYLE = Automatic;
				INFOPLIST_FILE = HelloWorldUITests/Info.plist;
				LD_RUNPATH_SEARCH_PATHS = (
					"$(inherited)",
					"@executable_path/Frameworks",
					"@loader_path/Frameworks",
				);
				PRODUCT_BUNDLE_IDENTIFIER = com.Brunoprojects.HelloWorldUITests;
				PRODUCT_NAME = "$(TARGET_NAME)";
				SWIFT_VERSION = 5.0;
				TARGETED_DEVICE_FAMILY = "1,2";
				TEST_TARGET_NAME = HelloWorld;
			};
			name = Debug;
		};
		7E21AFE0248A7563000B2447 /* Release */ = {
			isa = XCBuildConfiguration;
			buildSettings = {
				ALWAYS_EMBED_SWIFT_STANDARD_LIBRARIES = YES;
				CODE_SIGN_STYLE = Automatic;
				INFOPLIST_FILE = HelloWorldUITests/Info.plist;
				LD_RUNPATH_SEARCH_PATHS = (
					"$(inherited)",
					"@executable_path/Frameworks",
					"@loader_path/Frameworks",
				);
				PRODUCT_BUNDLE_IDENTIFIER = com.Brunoprojects.HelloWorldUITests;
				PRODUCT_NAME = "$(TARGET_NAME)";
				SWIFT_VERSION = 5.0;
				TARGETED_DEVICE_FAMILY = "1,2";
				TEST_TARGET_NAME = HelloWorld;
			};
			name = Release;
		};
/* End XCBuildConfiguration section */

/* Begin XCConfigurationList section */
		7E21AFA9248A7561000B2447 /* Build configuration list for PBXProject "HelloWorld" */ = {
			isa = XCConfigurationList;
			buildConfigurations = (
				7E21AFD6248A7563000B2447 /* Debug */,
				7E21AFD7248A7563000B2447 /* Release */,
			);
			defaultConfigurationIsVisible = 0;
			defaultConfigurationName = Release;
		};
		7E21AFD8248A7563000B2447 /* Build configuration list for PBXNativeTarget "HelloWorld" */ = {
			isa = XCConfigurationList;
			buildConfigurations = (
				7E21AFD9248A7563000B2447 /* Debug */,
				7E21AFDA248A7563000B2447 /* Release */,
			);
			defaultConfigurationIsVisible = 0;
			defaultConfigurationName = Release;
		};
		7E21AFDB248A7563000B2447 /* Build configuration list for PBXNativeTarget "HelloWorldTests" */ = {
			isa = XCConfigurationList;
			buildConfigurations = (
				7E21AFDC248A7563000B2447 /* Debug */,
				7E21AFDD248A7563000B2447 /* Release */,
			);
			defaultConfigurationIsVisible = 0;
			defaultConfigurationName = Release;
		};
		7E21AFDE248A7563000B2447 /* Build configuration list for PBXNativeTarget "HelloWorldUITests" */ = {
			isa = XCConfigurationList;
			buildConfigurations = (
				7E21AFDF248A7563000B2447 /* Debug */,
				7E21AFE0248A7563000B2447 /* Release */,
			);
			defaultConfigurationIsVisible = 0;
			defaultConfigurationName = Release;
		};
/* End XCConfigurationList section */
	};
	rootObject = 7E21AFA6248A7561000B2447 /* Project object */;
}
